
Microsoft Visual Studio Solution File, Format Version 12.00
# Visual Studio Version 17
VisualStudioVersion = 17.1.32319.34
MinimumVisualStudioVersion = 10.0.40219.1
Project("{9A19103F-16F7-4668-BE54-9A1E7A4F7556}") = "Assignment_601_10", "Assignment_601_10.csproj", "{22A9272B-98AD-4932-99B5-C1BE95263BB3}"
EndProject
Global
	GlobalSection(SolutionConfigurationPlatforms) = preSolution
		Debug|Any CPU = Debug|Any CPU
		Release|Any CPU = Release|Any CPU
	EndGlobalSection
	GlobalSection(ProjectConfigurationPlatforms) = postSolution
		{22A9272B-98AD-4932-99B5-C1BE95263BB3}.Debug|Any CPU.ActiveCfg = Debug|Any CPU
		{22A9272B-98AD-4932-99B5-C1BE95263BB3}.Debug|Any CPU.Build.0 = Debug|Any CPU
		{22A9272B-98AD-4932-99B5-C1BE95263BB3}.Release|Any CPU.ActiveCfg = Release|Any CPU
		{22A9272B-98AD-4932-99B5-C1BE95263BB3}.Release|Any CPU.Build.0 = Release|Any CPU
	EndGlobalSection
	GlobalSection(SolutionProperties) = preSolution
		HideSolutionNode = FALSE
	EndGlobalSection
	GlobalSection(ExtensibilityGlobals) = postSolution
		SolutionGuid = {C6D1FCED-6A20-4B03-BF28-F9B8166A8EE5}
	EndGlobalSection
EndGlobal
